
Microsoft Visual Studio Solution File, Format Version 12.00
# Visual Studio 2015
Project("{FAE04EC0-301F-11D3-BF4B-00C04F79EFBC}") = "Tower Defence.CSharp.Plugins", "Tower Defence.CSharp.Plugins.csproj", "{28F8AD80-F4A6-849D-5D59-8EC92F5B3192}"
EndProject
Project("{FAE04EC0-301F-11D3-BF4B-00C04F79EFBC}") = "Tower Defence.CSharp", "Tower Defence.CSharp.csproj", "{81CB16BF-5E6C-B334-DE1A-ED76D593D2E1}"
EndProject
Project("{FAE04EC0-301F-11D3-BF4B-00C04F79EFBC}") = "Tower Defence.CSharp.Editor", "Tower Defence.CSharp.Editor.csproj", "{35E01321-E2F9-3AAB-AAB8-BDCDB958CA1D}"
EndProject
Global
	GlobalSection(SolutionConfigurationPlatforms) = preSolution
		Debug|Any CPU = Debug|Any CPU
		Release|Any CPU = Release|Any CPU
	EndGlobalSection
	GlobalSection(ProjectConfigurationPlatforms) = postSolution
		{28F8AD80-F4A6-849D-5D59-8EC92F5B3192}.Debug|Any CPU.ActiveCfg = Debug|Any CPU
		{28F8AD80-F4A6-849D-5D59-8EC92F5B3192}.Debug|Any CPU.Build.0 = Debug|Any CPU
		{28F8AD80-F4A6-849D-5D59-8EC92F5B3192}.Release|Any CPU.ActiveCfg = Release|Any CPU
		{28F8AD80-F4A6-849D-5D59-8EC92F5B3192}.Release|Any CPU.Build.0 = Release|Any CPU
		{81CB16BF-5E6C-B334-DE1A-ED76D593D2E1}.Debug|Any CPU.ActiveCfg = Debug|Any CPU
		{81CB16BF-5E6C-B334-DE1A-ED76D593D2E1}.Debug|Any CPU.Build.0 = Debug|Any CPU
		{81CB16BF-5E6C-B334-DE1A-ED76D593D2E1}.Release|Any CPU.ActiveCfg = Release|Any CPU
		{81CB16BF-5E6C-B334-DE1A-ED76D593D2E1}.Release|Any CPU.Build.0 = Release|Any CPU
		{35E01321-E2F9-3AAB-AAB8-BDCDB958CA1D}.Debug|Any CPU.ActiveCfg = Debug|Any CPU
		{35E01321-E2F9-3AAB-AAB8-BDCDB958CA1D}.Debug|Any CPU.Build.0 = Debug|Any CPU
		{35E01321-E2F9-3AAB-AAB8-BDCDB958CA1D}.Release|Any CPU.ActiveCfg = Release|Any CPU
		{35E01321-E2F9-3AAB-AAB8-BDCDB958CA1D}.Release|Any CPU.Build.0 = Release|Any CPU
	EndGlobalSection
	GlobalSection(SolutionProperties) = preSolution
		HideSolutionNode = FALSE
	EndGlobalSection
EndGlobal
